
Microsoft Visual Studio Solution File, Format Version 12.00
Project("{FAE04EC0-301F-11D3-BF4B-00C04F79EFBC}") = "TrainTrain.Domain", "TrainTrain.Domain\TrainTrain.Domain.csproj", "{281B21D1-2D98-4181-973E-3E16C7677139}"
EndProject
Project("{FAE04EC0-301F-11D3-BF4B-00C04F79EFBC}") = "TrainTrain.Domain.Tests", "TrainTrain.Domain.Tests\TrainTrain.Domain.Tests.csproj", "{8EAC83D7-A16E-4716-B3E5-D24ADBD527EB}"
EndProject
Global
	GlobalSection(SolutionConfigurationPlatforms) = preSolution
		Debug|Any CPU = Debug|Any CPU
		Release|Any CPU = Release|Any CPU
	EndGlobalSection
	GlobalSection(ProjectConfigurationPlatforms) = postSolution
		{281B21D1-2D98-4181-973E-3E16C7677139}.Debug|Any CPU.ActiveCfg = Debug|Any CPU
		{281B21D1-2D98-4181-973E-3E16C7677139}.Debug|Any CPU.Build.0 = Debug|Any CPU
		{281B21D1-2D98-4181-973E-3E16C7677139}.Release|Any CPU.ActiveCfg = Release|Any CPU
		{281B21D1-2D98-4181-973E-3E16C7677139}.Release|Any CPU.Build.0 = Release|Any CPU
		{8EAC83D7-A16E-4716-B3E5-D24ADBD527EB}.Debug|Any CPU.ActiveCfg = Debug|Any CPU
		{8EAC83D7-A16E-4716-B3E5-D24ADBD527EB}.Debug|Any CPU.Build.0 = Debug|Any CPU
		{8EAC83D7-A16E-4716-B3E5-D24ADBD527EB}.Release|Any CPU.ActiveCfg = Release|Any CPU
		{8EAC83D7-A16E-4716-B3E5-D24ADBD527EB}.Release|Any CPU.Build.0 = Release|Any CPU
	EndGlobalSection
EndGlobal
